Microsoft Visual Studio Solution File, Format Version 12.00
# Visual Studio 2012
Project("{FAE04EC0-301F-11D3-BF4B-00C04F79EFBC}") = "Minecraft Clone", "Minecraft Clone.csproj", "{C10B9FC6-EB9D-4EA8-A19B-493DD491E663}"
EndProject
Global
	GlobalSection(SolutionConfigurationPlatforms) = preSolution
	Debug|Any CPU = Debug|Any CPU
	ExportDebug|Any CPU = ExportDebug|Any CPU
	ExportRelease|Any CPU = ExportRelease|Any CPU
	EndGlobalSection
	GlobalSection(ProjectConfigurationPlatforms) = postSolution
		{C10B9FC6-EB9D-4EA8-A19B-493DD491E663}.Debug|Any CPU.ActiveCfg = Debug|Any CPU
		{C10B9FC6-EB9D-4EA8-A19B-493DD491E663}.Debug|Any CPU.Build.0 = Debug|Any CPU
		{C10B9FC6-EB9D-4EA8-A19B-493DD491E663}.ExportDebug|Any CPU.ActiveCfg = ExportDebug|Any CPU
		{C10B9FC6-EB9D-4EA8-A19B-493DD491E663}.ExportDebug|Any CPU.Build.0 = ExportDebug|Any CPU
		{C10B9FC6-EB9D-4EA8-A19B-493DD491E663}.ExportRelease|Any CPU.ActiveCfg = ExportRelease|Any CPU
		{C10B9FC6-EB9D-4EA8-A19B-493DD491E663}.ExportRelease|Any CPU.Build.0 = ExportRelease|Any CPU
	EndGlobalSection
EndGlobal
